PODS:
  - Cache (4.2.0)
  - CHTCollectionViewWaterfallLayout/Swift (0.9.7)
  - Gallery (2.0.6)
  - Hero (1.2.0)
  - Hue (3.0.1)
  - Imaginary (3.0.3):
    - Cache (~> 4.0)
  - Kingfisher (4.8.0)
  - Koloda (4.3.1):
    - pop (~> 1.0)
  - Lightbox (2.1.2):
    - Hue (~> 3.0)
    - Imaginary (~> 3.0)
  - MMPlayerView (3.1.4)
  - NVActivityIndicatorView (4.2.1):
    - NVActivityIndicatorView/Presenter (= 4.2.1)
  - NVActivityIndicatorView/Presenter (4.2.1)
  - pop (1.0.10)
  - SkyFloatingLabelTextField (3.5.1)
  - Toast-Swift (3.0.1)
  - XLPagerTabStrip (8.0.1)

DEPENDENCIES:
  - CHTCollectionViewWaterfallLayout/Swift
  - Gallery
  - Hero
  - Kingfisher
  - Koloda (~> 4.3.1)
  - Lightbox
  - MMPlayerView (~> 3.1.3)
  - NVActivityIndicatorView
  - SkyFloatingLabelTextField (~> 3.0)
  - Toast-Swift
  - XLPagerTabStrip (~> 8.0)

SPEC REPOS:
  https://github.com/cocoapods/specs.git:
    - Cache
    - CHTCollectionViewWaterfallLayout
    - Gallery
    - Hero
    - Hue
    - Imaginary
    - Kingfisher
    - Koloda
    - Lightbox
    - MMPlayerView
    - NVActivityIndicatorView
    - pop
    - SkyFloatingLabelTextField
    - Toast-Swift
    - XLPagerTabStrip

SPEC CHECKSUMS:
  Cache: f28f8dd64b632155aabf9b3906b036a659048251
  CHTCollectionViewWaterfallLayout: 9d11068fafecac106695bb5a5d6d0f738483b598
  Gallery: 5489ae11d8010a3cc163030f6e92d618afbdf4df
  Hero: 33dadf2cd1c98af71e213dcbc2902e6e03622a4e
  Hue: 93e852fa6211ab35922ad8c293f51c43d6c79eb2
  Imaginary: 9b45836a5af881f452a86e0a1215772ae4712d00
  Kingfisher: 976d828df2b24834c6a3f2fc4d82cdbd26552be1
  Koloda: 0d39b2aa188ccd1fac48d752acaf9802e683c625
  Lightbox: 2dc267df8be2285bc7724cb11cbbf4aaaf59dced
  MMPlayerView: 816fe3ee53d77d8c5bb7d6b1727c856d0918ae03
  NVActivityIndicatorView: 8068ba3ad39cb44cbaab25d89ff2546b3f092681
  pop: 82ca6b068ce9278fd350fd9dd09482a0ce9492e6
  SkyFloatingLabelTextField: 4cbeece9c3aae97c6019d8fae511cb5b755874f7
  Toast-Swift: ba0b01b095aada709d915f9beb1d38184a2721c3
  XLPagerTabStrip: c908b17cbf42fcd2598ee1adfc49bae25444d88a

PODFILE CHECKSUM: 4bfd965d6ff39c783d89a6ba65414a298d3b5ecc

COCOAPODS: 1.5.3
