// !$*UTF8*$!
{
	archiveVersion = 1;
	classes = {
	};
	objectVersion = 50;
	objects = {

/* Begin PBXBuildFile section */
		431D9A1120AAADEF007BED9E /* ARProductViewController.swift in Sources */ = {isa = PBXBuildFile; fileRef = 431D9A1020AAADEF007BED9E /* ARProductViewController.swift */; };
		431D9A1520AAAE3F007BED9E /* ARProductView.xib in Resources */ = {isa = PBXBuildFile; fileRef = 431D9A1420AAAE3F007BED9E /* ARProductView.xib */; };
		431D9A1720AAAE53007BED9E /* ARProductView.swift in Sources */ = {isa = PBXBuildFile; fileRef = 431D9A1620AAAE53007BED9E /* ARProductView.swift */; };
		431D9A1920AAAF5B007BED9E /* ARProductCollectionViewCell.swift in Sources */ = {isa = PBXBuildFile; fileRef = 431D9A1820AAAF5B007BED9E /* ARProductCollectionViewCell.swift */; };
		431D9A1B20AAAF96007BED9E /* ARProduct.swift in Sources */ = {isa = PBXBuildFile; fileRef = 431D9A1A20AAAF96007BED9E /* ARProduct.swift */; };
		435A599A209F522800599BB2 /* ARCategory.swift in Sources */ = {isa = PBXBuildFile; fileRef = 435A5999209F522800599BB2 /* ARCategory.swift */; };
		435A599C209F523A00599BB2 /* ARSubcategory.swift in Sources */ = {isa = PBXBuildFile; fileRef = 435A599B209F523A00599BB2 /* ARSubcategory.swift */; };
		435A59A4209F58D600599BB2 /* ARCategoryView.xib in Resources */ = {isa = PBXBuildFile; fileRef = 435A59A3209F58D600599BB2 /* ARCategoryView.xib */; };
		435A59A6209F58EA00599BB2 /* ARCategoryView.swift in Sources */ = {isa = PBXBuildFile; fileRef = 435A59A5209F58EA00599BB2 /* ARCategoryView.swift */; };
		435A59A8209F5DB600599BB2 /* UIColor.swift in Sources */ = {isa = PBXBuildFile; fileRef = 435A59A7209F5DB600599BB2 /* UIColor.swift */; };
		435A59AA209F62D100599BB2 /* ARCategoryCollectionViewCell.swift in Sources */ = {isa = PBXBuildFile; fileRef = 435A59A9209F62D100599BB2 /* ARCategoryCollectionViewCell.swift */; };
		435A59AC209F643D00599BB2 /* LocalTestDataRepository.swift in Sources */ = {isa = PBXBuildFile; fileRef = 435A59AB209F643D00599BB2 /* LocalTestDataRepository.swift */; };
		4365334320A2C06000E51EA1 /* SegueHandler.swift in Sources */ = {isa = PBXBuildFile; fileRef = 4365334220A2C06000E51EA1 /* SegueHandler.swift */; };
		4365334620A2C18E00E51EA1 /* ARSubcategoryView.swift in Sources */ = {isa = PBXBuildFile; fileRef = 4365334520A2C18E00E51EA1 /* ARSubcategoryView.swift */; };
		4365334820A2C19600E51EA1 /* ARSubcategoryView.xib in Resources */ = {isa = PBXBuildFile; fileRef = 4365334720A2C19600E51EA1 /* ARSubcategoryView.xib */; };
		4365334B20A2C63400E51EA1 /* ARSubcategoryTableViewCell.swift in Sources */ = {isa = PBXBuildFile; fileRef = 4365334A20A2C63400E51EA1 /* ARSubcategoryTableViewCell.swift */; };
		4365334D20A2C75800E51EA1 /* ARSubcategoryViewController.swift in Sources */ = {isa = PBXBuildFile; fileRef = 4365334C20A2C75800E51EA1 /* ARSubcategoryViewController.swift */; };
		436EC424209FA5240032DE55 /* UIView.swift in Sources */ = {isa = PBXBuildFile; fileRef = 436EC423209FA5240032DE55 /* UIView.swift */; };
		4399D41B209F3AF500423AF3 /* BrowseARViewController.swift in Sources */ = {isa = PBXBuildFile; fileRef = 4399D41A209F3AF500423AF3 /* BrowseARViewController.swift */; };
		4399D41E209F3B3000423AF3 /* UIViewController.swift in Sources */ = {isa = PBXBuildFile; fileRef = 4399D41D209F3B3000423AF3 /* UIViewController.swift */; };
		43E9CFFE209DE32300AC2E52 /* HOUZFeed.storyboard in Resources */ = {isa = PBXBuildFile; fileRef = 43E9CFFD209DE32300AC2E52 /* HOUZFeed.storyboard */; };
		43E9D000209DE35D00AC2E52 /* Random.storyboard in Resources */ = {isa = PBXBuildFile; fileRef = 43E9CFFF209DE35D00AC2E52 /* Random.storyboard */; };
		43E9D002209DE37900AC2E52 /* Profile.storyboard in Resources */ = {isa = PBXBuildFile; fileRef = 43E9D001209DE37900AC2E52 /* Profile.storyboard */; };
		43E9D004209DE3AA00AC2E52 /* Create.storyboard in Resources */ = {isa = PBXBuildFile; fileRef = 43E9D003209DE3AA00AC2E52 /* Create.storyboard */; };
		43E9D006209DE3D200AC2E52 /* AR.storyboard in Resources */ = {isa = PBXBuildFile; fileRef = 43E9D005209DE3D200AC2E52 /* AR.storyboard */; };
		5A08148F210630E000C73E1A /* StoryboardID.swift in Sources */ = {isa = PBXBuildFile; fileRef = 5A08148E210630E000C73E1A /* StoryboardID.swift */; };
		5A0814912106312A00C73E1A /* UITableView.swift in Sources */ = {isa = PBXBuildFile; fileRef = 5A0814902106312A00C73E1A /* UITableView.swift */; };
		5A0DEC13210A41A500C76494 /* PlayerView.xib in Resources */ = {isa = PBXBuildFile; fileRef = 5A0DEC12210A41A500C76494 /* PlayerView.xib */; };
		5A0DEC16210A41D500C76494 /* PlayerView.swift in Sources */ = {isa = PBXBuildFile; fileRef = 5A0DEC15210A41D500C76494 /* PlayerView.swift */; };
		5A0E86BC20998B60008B31A5 /* AppDelegate.swift in Sources */ = {isa = PBXBuildFile; fileRef = 5A0E86BB20998B60008B31A5 /* AppDelegate.swift */; };
		5A0E86C120998B60008B31A5 /* Main.storyboard in Resources */ = {isa = PBXBuildFile; fileRef = 5A0E86BF20998B60008B31A5 /* Main.storyboard */; };
		5A0E86C320998B61008B31A5 /* Assets.xcassets in Resources */ = {isa = PBXBuildFile; fileRef = 5A0E86C220998B61008B31A5 /* Assets.xcassets */; };
		5A0E86C620998B61008B31A5 /* LaunchScreen.storyboard in Resources */ = {isa = PBXBuildFile; fileRef = 5A0E86C420998B61008B31A5 /* LaunchScreen.storyboard */; };
		5A344CD321079F310088CE94 /* ProductTableViewCell.swift in Sources */ = {isa = PBXBuildFile; fileRef = 5A344CD121079F310088CE94 /* ProductTableViewCell.swift */; };
		5A344CD421079F310088CE94 /* ProductTableViewCell.xib in Resources */ = {isa = PBXBuildFile; fileRef = 5A344CD221079F310088CE94 /* ProductTableViewCell.xib */; };
		5A344CDB2107D0D40088CE94 /* ImageFeedItemTableViewCell.swift in Sources */ = {isa = PBXBuildFile; fileRef = 5A344CD92107D0D40088CE94 /* ImageFeedItemTableViewCell.swift */; };
		5A344CDC2107D0D40088CE94 /* ImageFeedItemTableViewCell.xib in Resources */ = {isa = PBXBuildFile; fileRef = 5A344CDA2107D0D40088CE94 /* ImageFeedItemTableViewCell.xib */; };
		5A5A59832100F75300A310E6 /* FeedViewController.swift in Sources */ = {isa = PBXBuildFile; fileRef = 5A5A59822100F75300A310E6 /* FeedViewController.swift */; };
		5A5A59852100F76E00A310E6 /* FeedViewModel.swift in Sources */ = {isa = PBXBuildFile; fileRef = 5A5A59842100F76E00A310E6 /* FeedViewModel.swift */; };
		5A5A598B2100FC9500A310E6 /* FeedItem.swift in Sources */ = {isa = PBXBuildFile; fileRef = 5A5A598A2100FC9500A310E6 /* FeedItem.swift */; };
		5A5CE49C20C818AA00097778 /* ProductDetailViewController.swift in Sources */ = {isa = PBXBuildFile; fileRef = 5A5CE49B20C818AA00097778 /* ProductDetailViewController.swift */; };
		5A5CE49E20C90CBA00097778 /* AppStoryboard.swift in Sources */ = {isa = PBXBuildFile; fileRef = 5A5CE49D20C90CBA00097778 /* AppStoryboard.swift */; };
		5A5CE4A020C969B500097778 /* UIImageView.swift in Sources */ = {isa = PBXBuildFile; fileRef = 5A5CE49F20C969B500097778 /* UIImageView.swift */; };
		5A894CB920FF8ACB00F0D3DC /* ProfileViewModel.swift in Sources */ = {isa = PBXBuildFile; fileRef = 5A894CB820FF8ACB00F0D3DC /* ProfileViewModel.swift */; };
		5A894CBB20FFA88B00F0D3DC /* GalleryViewController.swift in Sources */ = {isa = PBXBuildFile; fileRef = 5A894CBA20FFA88B00F0D3DC /* GalleryViewController.swift */; };
		5A894CBE20FFA90300F0D3DC /* LikedHistoryViewController.swift in Sources */ = {isa = PBXBuildFile; fileRef = 5A894CBD20FFA90300F0D3DC /* LikedHistoryViewController.swift */; };
		5A894CC020FFA94F00F0D3DC /* ProfilePostsViewController.swift in Sources */ = {isa = PBXBuildFile; fileRef = 5A894CBF20FFA94F00F0D3DC /* ProfilePostsViewController.swift */; };
		5A894CC220FFB2F100F0D3DC /* XLPagerTabStrip.swift in Sources */ = {isa = PBXBuildFile; fileRef = 5A894CC120FFB2F100F0D3DC /* XLPagerTabStrip.swift */; };
		5A993F4F20CDA4CB006FCE17 /* ARCameraViewController.swift in Sources */ = {isa = PBXBuildFile; fileRef = 5A993F4E20CDA4CB006FCE17 /* ARCameraViewController.swift */; };
		5A993F5520CEFE30006FCE17 /* ThreeDimensionalObject.swift in Sources */ = {isa = PBXBuildFile; fileRef = 5A993F5420CEFE30006FCE17 /* ThreeDimensionalObject.swift */; };
		5A993F5720CEFE88006FCE17 /* ARObject.swift in Sources */ = {isa = PBXBuildFile; fileRef = 5A993F5620CEFE88006FCE17 /* ARObject.swift */; };
		5A993F6220CF783F006FCE17 /* ar.scnassets in Resources */ = {isa = PBXBuildFile; fileRef = 5A993F6120CF783F006FCE17 /* ar.scnassets */; };
		5A993F6520D02DB1006FCE17 /* WebViewViewController.swift in Sources */ = {isa = PBXBuildFile; fileRef = 5A993F6420D019B9006FCE17 /* WebViewViewController.swift */; };
		5A993F6720D02EF3006FCE17 /* LoadingView.swift in Sources */ = {isa = PBXBuildFile; fileRef = 5A993F6620D02EF3006FCE17 /* LoadingView.swift */; };
		5A993F6920D0353D006FCE17 /* SearchBar.swift in Sources */ = {isa = PBXBuildFile; fileRef = 5A993F6820D0353D006FCE17 /* SearchBar.swift */; };
		5A993F6D20D03882006FCE17 /* HiddenNavigationViewController.swift in Sources */ = {isa = PBXBuildFile; fileRef = 5A993F6C20D03882006FCE17 /* HiddenNavigationViewController.swift */; };
		5A993F7820D25B98006FCE17 /* RandomViewController.swift in Sources */ = {isa = PBXBuildFile; fileRef = 5A993F7720D25B98006FCE17 /* RandomViewController.swift */; };
		5A993F7B20D25E5D006FCE17 /* Houz.swift in Sources */ = {isa = PBXBuildFile; fileRef = 5A993F7A20D25E5D006FCE17 /* Houz.swift */; };
		5A993F8120D2DCF0006FCE17 /* RandomHouzView.xib in Resources */ = {isa = PBXBuildFile; fileRef = 5A993F8020D2DCF0006FCE17 /* RandomHouzView.xib */; };
		5A993F8420D2DD0B006FCE17 /* RandomHouzView.swift in Sources */ = {isa = PBXBuildFile; fileRef = 5A993F8320D2DD0B006FCE17 /* RandomHouzView.swift */; };
		5A993F8720D412B4006FCE17 /* RandomHouzOverlayView.xib in Resources */ = {isa = PBXBuildFile; fileRef = 5A993F8620D412B4006FCE17 /* RandomHouzOverlayView.xib */; };
		5A993F8920D412D4006FCE17 /* RandomHouzOverlayView.swift in Sources */ = {isa = PBXBuildFile; fileRef = 5A993F8820D412D4006FCE17 /* RandomHouzOverlayView.swift */; };
		5AB8E71A210F809A00813209 /* CustomTabBarController.swift in Sources */ = {isa = PBXBuildFile; fileRef = 5AB8E719210F809A00813209 /* CustomTabBarController.swift */; };
		5AB8E71D210F81FB00813209 /* CameraViewController.swift in Sources */ = {isa = PBXBuildFile; fileRef = 5AB8E71C210F81FB00813209 /* CameraViewController.swift */; };
		5AB8E720210F88D200813209 /* AppScreen.swift in Sources */ = {isa = PBXBuildFile; fileRef = 5AB8E71F210F88D200813209 /* AppScreen.swift */; };
		5AB8E722210F97AD00813209 /* CreateViewController.swift in Sources */ = {isa = PBXBuildFile; fileRef = 5AB8E721210F97AD00813209 /* CreateViewController.swift */; };
		5AB8E724210F9C2700813209 /* NavigatorType.swift in Sources */ = {isa = PBXBuildFile; fileRef = 5AB8E723210F9C2700813209 /* NavigatorType.swift */; };
		5AB8E726210F9C6500813209 /* CreateNavigator.swift in Sources */ = {isa = PBXBuildFile; fileRef = 5AB8E725210F9C6500813209 /* CreateNavigator.swift */; };
		5AB8E728210FA15700813209 /* CameraViewModel.swift in Sources */ = {isa = PBXBuildFile; fileRef = 5AB8E727210FA15700813209 /* CameraViewModel.swift */; };
		5AC98867210DCD730069248E /* Date.swift in Sources */ = {isa = PBXBuildFile; fileRef = 5AC98866210DCD730069248E /* Date.swift */; };
		5AD941A720E26F2F009A89EE /* ProfileViewController.swift in Sources */ = {isa = PBXBuildFile; fileRef = 5AD941A620E26F2F009A89EE /* ProfileViewController.swift */; };
		5AF633042108FE2C00FF2D9C /* VideoFeedItemTableViewCell.swift in Sources */ = {isa = PBXBuildFile; fileRef = 5AF633022108FE2C00FF2D9C /* VideoFeedItemTableViewCell.swift */; };
		5AF633052108FE2C00FF2D9C /* VideoFeedItemTableViewCell.xib in Resources */ = {isa = PBXBuildFile; fileRef = 5AF633032108FE2C00FF2D9C /* VideoFeedItemTableViewCell.xib */; };
		7F8202B083203FE3A353C19A /* Pods_Houz.framework in Frameworks */ = {isa = PBXBuildFile; fileRef = F6CCEAE5A7DD88B46789CABE /* Pods_Houz.framework */; };
/* End PBXBuildFile section */

/* Begin PBXFileReference section */
		2B319A96F546126681C59C05 /* Pods-Houz.release.xcconfig */ = {isa = PBXFileReference; includeInIndex = 1; lastKnownFileType = text.xcconfig; name = "Pods-Houz.release.xcconfig"; path = "Pods/Target Support Files/Pods-Houz/Pods-Houz.release.xcconfig"; sourceTree = "<group>"; };
		431D9A1020AAADEF007BED9E /* ARProductViewController.swift */ = {isa = PBXFileReference; lastKnownFileType = sourcecode.swift; path = ARProductViewController.swift; sourceTree = "<group>"; };
		431D9A1420AAAE3F007BED9E /* ARProductView.xib */ = {isa = PBXFileReference; lastKnownFileType = file.xib; path = ARProductView.xib; sourceTree = "<group>"; };
		431D9A1620AAAE53007BED9E /* ARProductView.swift */ = {isa = PBXFileReference; lastKnownFileType = sourcecode.swift; path = ARProductView.swift; sourceTree = "<group>"; };
		431D9A1820AAAF5B007BED9E /* ARProductCollectionViewCell.swift */ = {isa = PBXFileReference; lastKnownFileType = sourcecode.swift; path = ARProductCollectionViewCell.swift; sourceTree = "<group>"; };
		431D9A1A20AAAF96007BED9E /* ARProduct.swift */ = {isa = PBXFileReference; lastKnownFileType = sourcecode.swift; path = ARProduct.swift; sourceTree = "<group>"; };
		435A5999209F522800599BB2 /* ARCategory.swift */ = {isa = PBXFileReference; lastKnownFileType = sourcecode.swift; path = ARCategory.swift; sourceTree = "<group>"; };
		435A599B209F523A00599BB2 /* ARSubcategory.swift */ = {isa = PBXFileReference; lastKnownFileType = sourcecode.swift; path = ARSubcategory.swift; sourceTree = "<group>"; };
		435A59A3209F58D600599BB2 /* ARCategoryView.xib */ = {isa = PBXFileReference; lastKnownFileType = file.xib; path = ARCategoryView.xib; sourceTree = "<group>"; };
		435A59A5209F58EA00599BB2 /* ARCategoryView.swift */ = {isa = PBXFileReference; lastKnownFileType = sourcecode.swift; path = ARCategoryView.swift; sourceTree = "<group>"; };
		435A59A7209F5DB600599BB2 /* UIColor.swift */ = {isa = PBXFileReference; lastKnownFileType = sourcecode.swift; path = UIColor.swift; sourceTree = "<group>"; };
		435A59A9209F62D100599BB2 /* ARCategoryCollectionViewCell.swift */ = {isa = PBXFileReference; lastKnownFileType = sourcecode.swift; path = ARCategoryCollectionViewCell.swift; sourceTree = "<group>"; };
		435A59AB209F643D00599BB2 /* LocalTestDataRepository.swift */ = {isa = PBXFileReference; lastKnownFileType = sourcecode.swift; path = LocalTestDataRepository.swift; sourceTree = "<group>"; };
		4365334220A2C06000E51EA1 /* SegueHandler.swift */ = {isa = PBXFileReference; lastKnownFileType = sourcecode.swift; path = SegueHandler.swift; sourceTree = "<group>"; };
		4365334520A2C18E00E51EA1 /* ARSubcategoryView.swift */ = {isa = PBXFileReference; lastKnownFileType = sourcecode.swift; path = ARSubcategoryView.swift; sourceTree = "<group>"; };
		4365334720A2C19600E51EA1 /* ARSubcategoryView.xib */ = {isa = PBXFileReference; lastKnownFileType = file.xib; path = ARSubcategoryView.xib; sourceTree = "<group>"; };
		4365334A20A2C63400E51EA1 /* ARSubcategoryTableViewCell.swift */ = {isa = PBXFileReference; lastKnownFileType = sourcecode.swift; path = ARSubcategoryTableViewCell.swift; sourceTree = "<group>"; };
		4365334C20A2C75800E51EA1 /* ARSubcategoryViewController.swift */ = {isa = PBXFileReference; lastKnownFileType = sourcecode.swift; path = ARSubcategoryViewController.swift; sourceTree = "<group>"; };
		436EC423209FA5240032DE55 /* UIView.swift */ = {isa = PBXFileReference; lastKnownFileType = sourcecode.swift; path = UIView.swift; sourceTree = "<group>"; };
		4399D41A209F3AF500423AF3 /* BrowseARViewController.swift */ = {isa = PBXFileReference; lastKnownFileType = sourcecode.swift; path = BrowseARViewController.swift; sourceTree = "<group>"; };
		4399D41D209F3B3000423AF3 /* UIViewController.swift */ = {isa = PBXFileReference; lastKnownFileType = sourcecode.swift; path = UIViewController.swift; sourceTree = "<group>"; };
		43E9CFFD209DE32300AC2E52 /* HOUZFeed.storyboard */ = {isa = PBXFileReference; lastKnownFileType = file.storyboard; path = HOUZFeed.storyboard; sourceTree = "<group>"; };
		43E9CFFF209DE35D00AC2E52 /* Random.storyboard */ = {isa = PBXFileReference; lastKnownFileType = file.storyboard; path = Random.storyboard; sourceTree = "<group>"; };
		43E9D001209DE37900AC2E52 /* Profile.storyboard */ = {isa = PBXFileReference; lastKnownFileType = file.storyboard; path = Profile.storyboard; sourceTree = "<group>"; };
		43E9D003209DE3AA00AC2E52 /* Create.storyboard */ = {isa = PBXFileReference; lastKnownFileType = file.storyboard; path = Create.storyboard; sourceTree = "<group>"; };
		43E9D005209DE3D200AC2E52 /* AR.storyboard */ = {isa = PBXFileReference; lastKnownFileType = file.storyboard; path = AR.storyboard; sourceTree = "<group>"; };
		5A08148E210630E000C73E1A /* StoryboardID.swift */ = {isa = PBXFileReference; lastKnownFileType = sourcecode.swift; path = StoryboardID.swift; sourceTree = "<group>"; };
		5A0814902106312A00C73E1A /* UITableView.swift */ = {isa = PBXFileReference; lastKnownFileType = sourcecode.swift; path = UITableView.swift; sourceTree = "<group>"; };
		5A0DEC12210A41A500C76494 /* PlayerView.xib */ = {isa = PBXFileReference; lastKnownFileType = file.xib; path = PlayerView.xib; sourceTree = "<group>"; };
		5A0DEC15210A41D500C76494 /* PlayerView.swift */ = {isa = PBXFileReference; lastKnownFileType = sourcecode.swift; path = PlayerView.swift; sourceTree = "<group>"; };
		5A0E86B820998B60008B31A5 /* Houz.app */ = {isa = PBXFileReference; explicitFileType = wrapper.application; includeInIndex = 0; path = Houz.app; sourceTree = BUILT_PRODUCTS_DIR; };
		5A0E86BB20998B60008B31A5 /* AppDelegate.swift */ = {isa = PBXFileReference; lastKnownFileType = sourcecode.swift; path = AppDelegate.swift; sourceTree = "<group>"; };
		5A0E86C020998B60008B31A5 /* Base */ = {isa = PBXFileReference; lastKnownFileType = file.storyboard; name = Base; path = Base.lproj/Main.storyboard; sourceTree = "<group>"; };
		5A0E86C220998B61008B31A5 /* Assets.xcassets */ = {isa = PBXFileReference; lastKnownFileType = folder.assetcatalog; path = Assets.xcassets; sourceTree = "<group>"; };
		5A0E86C520998B61008B31A5 /* Base */ = {isa = PBXFileReference; lastKnownFileType = file.storyboard; name = Base; path = Base.lproj/LaunchScreen.storyboard; sourceTree = "<group>"; };
		5A0E86C720998B61008B31A5 /* Info.plist */ = {isa = PBXFileReference; lastKnownFileType = text.plist.xml; path = Info.plist; sourceTree = "<group>"; };
		5A344CD121079F310088CE94 /* ProductTableViewCell.swift */ = {isa = PBXFileReference; lastKnownFileType = sourcecode.swift; path = ProductTableViewCell.swift; sourceTree = "<group>"; };
		5A344CD221079F310088CE94 /* ProductTableViewCell.xib */ = {isa = PBXFileReference; lastKnownFileType = file.xib; path = ProductTableViewCell.xib; sourceTree = "<group>"; };
		5A344CD92107D0D40088CE94 /* ImageFeedItemTableViewCell.swift */ = {isa = PBXFileReference; lastKnownFileType = sourcecode.swift; path = ImageFeedItemTableViewCell.swift; sourceTree = "<group>"; };
		5A344CDA2107D0D40088CE94 /* ImageFeedItemTableViewCell.xib */ = {isa = PBXFileReference; lastKnownFileType = file.xib; path = ImageFeedItemTableViewCell.xib; sourceTree = "<group>"; };
		5A5A59822100F75300A310E6 /* FeedViewController.swift */ = {isa = PBXFileReference; lastKnownFileType = sourcecode.swift; path = FeedViewController.swift; sourceTree = "<group>"; };
		5A5A59842100F76E00A310E6 /* FeedViewModel.swift */ = {isa = PBXFileReference; lastKnownFileType = sourcecode.swift; path = FeedViewModel.swift; sourceTree = "<group>"; };
		5A5A598A2100FC9500A310E6 /* FeedItem.swift */ = {isa = PBXFileReference; lastKnownFileType = sourcecode.swift; path = FeedItem.swift; sourceTree = "<group>"; };
		5A5CE49B20C818AA00097778 /* ProductDetailViewController.swift */ = {isa = PBXFileReference; lastKnownFileType = sourcecode.swift; path = ProductDetailViewController.swift; sourceTree = "<group>"; };
		5A5CE49D20C90CBA00097778 /* AppStoryboard.swift */ = {isa = PBXFileReference; lastKnownFileType = sourcecode.swift; path = AppStoryboard.swift; sourceTree = "<group>"; };
		5A5CE49F20C969B500097778 /* UIImageView.swift */ = {isa = PBXFileReference; lastKnownFileType = sourcecode.swift; path = UIImageView.swift; sourceTree = "<group>"; };
		5A894CB820FF8ACB00F0D3DC /* ProfileViewModel.swift */ = {isa = PBXFileReference; lastKnownFileType = sourcecode.swift; path = ProfileViewModel.swift; sourceTree = "<group>"; };
		5A894CBA20FFA88B00F0D3DC /* GalleryViewController.swift */ = {isa = PBXFileReference; lastKnownFileType = sourcecode.swift; path = GalleryViewController.swift; sourceTree = "<group>"; };
		5A894CBD20FFA90300F0D3DC /* LikedHistoryViewController.swift */ = {isa = PBXFileReference; lastKnownFileType = sourcecode.swift; path = LikedHistoryViewController.swift; sourceTree = "<group>"; };
		5A894CBF20FFA94F00F0D3DC /* ProfilePostsViewController.swift */ = {isa = PBXFileReference; lastKnownFileType = sourcecode.swift; path = ProfilePostsViewController.swift; sourceTree = "<group>"; };
		5A894CC120FFB2F100F0D3DC /* XLPagerTabStrip.swift */ = {isa = PBXFileReference; lastKnownFileType = sourcecode.swift; path = XLPagerTabStrip.swift; sourceTree = "<group>"; };
		5A993F4E20CDA4CB006FCE17 /* ARCameraViewController.swift */ = {isa = PBXFileReference; lastKnownFileType = sourcecode.swift; path = ARCameraViewController.swift; sourceTree = "<group>"; };
		5A993F5420CEFE30006FCE17 /* ThreeDimensionalObject.swift */ = {isa = PBXFileReference; lastKnownFileType = sourcecode.swift; path = ThreeDimensionalObject.swift; sourceTree = "<group>"; };
		5A993F5620CEFE88006FCE17 /* ARObject.swift */ = {isa = PBXFileReference; lastKnownFileType = sourcecode.swift; path = ARObject.swift; sourceTree = "<group>"; };
		5A993F6120CF783F006FCE17 /* ar.scnassets */ = {isa = PBXFileReference; lastKnownFileType = wrapper.scnassets; path = ar.scnassets; sourceTree = "<group>"; };
		5A993F6420D019B9006FCE17 /* WebViewViewController.swift */ = {isa = PBXFileReference; lastKnownFileType = sourcecode.swift; path = WebViewViewController.swift; sourceTree = "<group>"; };
		5A993F6620D02EF3006FCE17 /* LoadingView.swift */ = {isa = PBXFileReference; lastKnownFileType = sourcecode.swift; path = LoadingView.swift; sourceTree = "<group>"; };
		5A993F6820D0353D006FCE17 /* SearchBar.swift */ = {isa = PBXFileReference; lastKnownFileType = sourcecode.swift; path = SearchBar.swift; sourceTree = "<group>"; };
		5A993F6C20D03882006FCE17 /* HiddenNavigationViewController.swift */ = {isa = PBXFileReference; lastKnownFileType = sourcecode.swift; path = HiddenNavigationViewController.swift; sourceTree = "<group>"; };
		5A993F7720D25B98006FCE17 /* RandomViewController.swift */ = {isa = PBXFileReference; lastKnownFileType = sourcecode.swift; path = RandomViewController.swift; sourceTree = "<group>"; };
		5A993F7A20D25E5D006FCE17 /* Houz.swift */ = {isa = PBXFileReference; lastKnownFileType = sourcecode.swift; path = Houz.swift; sourceTree = "<group>"; };
		5A993F8020D2DCF0006FCE17 /* RandomHouzView.xib */ = {isa = PBXFileReference; lastKnownFileType = file.xib; path = RandomHouzView.xib; sourceTree = "<group>"; };
		5A993F8320D2DD0B006FCE17 /* RandomHouzView.swift */ = {isa = PBXFileReference; lastKnownFileType = sourcecode.swift; path = RandomHouzView.swift; sourceTree = "<group>"; };
		5A993F8620D412B4006FCE17 /* RandomHouzOverlayView.xib */ = {isa = PBXFileReference; lastKnownFileType = file.xib; path = RandomHouzOverlayView.xib; sourceTree = "<group>"; };
		5A993F8820D412D4006FCE17 /* RandomHouzOverlayView.swift */ = {isa = PBXFileReference; lastKnownFileType = sourcecode.swift; path = RandomHouzOverlayView.swift; sourceTree = "<group>"; };
		5AB8E719210F809A00813209 /* CustomTabBarController.swift */ = {isa = PBXFileReference; lastKnownFileType = sourcecode.swift; path = CustomTabBarController.swift; sourceTree = "<group>"; };
		5AB8E71C210F81FB00813209 /* CameraViewController.swift */ = {isa = PBXFileReference; lastKnownFileType = sourcecode.swift; path = CameraViewController.swift; sourceTree = "<group>"; };
		5AB8E71F210F88D200813209 /* AppScreen.swift */ = {isa = PBXFileReference; lastKnownFileType = sourcecode.swift; path = AppScreen.swift; sourceTree = "<group>"; };
		5AB8E721210F97AD00813209 /* CreateViewController.swift */ = {isa = PBXFileReference; lastKnownFileType = sourcecode.swift; path = CreateViewController.swift; sourceTree = "<group>"; };
		5AB8E723210F9C2700813209 /* NavigatorType.swift */ = {isa = PBXFileReference; lastKnownFileType = sourcecode.swift; path = NavigatorType.swift; sourceTree = "<group>"; };
		5AB8E725210F9C6500813209 /* CreateNavigator.swift */ = {isa = PBXFileReference; lastKnownFileType = sourcecode.swift; path = CreateNavigator.swift; sourceTree = "<group>"; };
		5AB8E727210FA15700813209 /* CameraViewModel.swift */ = {isa = PBXFileReference; lastKnownFileType = sourcecode.swift; path = CameraViewModel.swift; sourceTree = "<group>"; };
		5AC98866210DCD730069248E /* Date.swift */ = {isa = PBXFileReference; lastKnownFileType = sourcecode.swift; path = Date.swift; sourceTree = "<group>"; };
		5AD941A620E26F2F009A89EE /* ProfileViewController.swift */ = {isa = PBXFileReference; lastKnownFileType = sourcecode.swift; path = ProfileViewController.swift; sourceTree = "<group>"; };
		5AF633022108FE2C00FF2D9C /* VideoFeedItemTableViewCell.swift */ = {isa = PBXFileReference; lastKnownFileType = sourcecode.swift; path = VideoFeedItemTableViewCell.swift; sourceTree = "<group>"; };
		5AF633032108FE2C00FF2D9C /* VideoFeedItemTableViewCell.xib */ = {isa = PBXFileReference; lastKnownFileType = file.xib; path = VideoFeedItemTableViewCell.xib; sourceTree = "<group>"; };
		9112DB3461D8B07E662D90A9 /* Pods-Houz.debug.xcconfig */ = {isa = PBXFileReference; includeInIndex = 1; lastKnownFileType = text.xcconfig; name = "Pods-Houz.debug.xcconfig"; path = "Pods/Target Support Files/Pods-Houz/Pods-Houz.debug.xcconfig"; sourceTree = "<group>"; };
		F6CCEAE5A7DD88B46789CABE /* Pods_Houz.framework */ = {isa = PBXFileReference; explicitFileType = wrapper.framework; includeInIndex = 0; path = Pods_Houz.framework; sourceTree = BUILT_PRODUCTS_DIR; };
/* End PBXFileReference section */

/* Begin PBXFrameworksBuildPhase section */
		5A0E86B520998B60008B31A5 /* Frameworks */ = {
			isa = PBXFrameworksBuildPhase;
			buildActionMask = 2147483647;
			files = (
				7F8202B083203FE3A353C19A /* Pods_Houz.framework in Frameworks */,
			);
			runOnlyForDeploymentPostprocessing = 0;
		};
/* End PBXFrameworksBuildPhase section */

/* Begin PBXGroup section */
		0708A5593ADDF069AB5238A9 /* Pods */ = {
			isa = PBXGroup;
			children = (
				9112DB3461D8B07E662D90A9 /* Pods-Houz.debug.xcconfig */,
				2B319A96F546126681C59C05 /* Pods-Houz.release.xcconfig */,
			);
			name = Pods;
			sourceTree = "<group>";
		};
		431D9A1220AAAE06007BED9E /* ARProductCell */ = {
			isa = PBXGroup;
			children = (
				431D9A1820AAAF5B007BED9E /* ARProductCollectionViewCell.swift */,
				431D9A1320AAAE28007BED9E /* ARProductView */,
			);
			path = ARProductCell;
			sourceTree = "<group>";
		};
		431D9A1320AAAE28007BED9E /* ARProductView */ = {
			isa = PBXGroup;
			children = (
				431D9A1620AAAE53007BED9E /* ARProductView.swift */,
				431D9A1420AAAE3F007BED9E /* ARProductView.xib */,
			);
			path = ARProductView;
			sourceTree = "<group>";
		};
		435A599D209F585500599BB2 /* ARCategoryCell */ = {
			isa = PBXGroup;
			children = (
				435A59A9209F62D100599BB2 /* ARCategoryCollectionViewCell.swift */,
				435A599E209F586A00599BB2 /* ARCategoryView */,
			);
			path = ARCategoryCell;
			sourceTree = "<group>";
		};
		435A599E209F586A00599BB2 /* ARCategoryView */ = {
			isa = PBXGroup;
			children = (
				435A59A3209F58D600599BB2 /* ARCategoryView.xib */,
				435A59A5209F58EA00599BB2 /* ARCategoryView.swift */,
			);
			path = ARCategoryView;
			sourceTree = "<group>";
		};
		4365334420A2C15400E51EA1 /* ARSubcategoryCell */ = {
			isa = PBXGroup;
			children = (
				4365334A20A2C63400E51EA1 /* ARSubcategoryTableViewCell.swift */,
				4365334920A2C60000E51EA1 /* ARSubcategoryView */,
			);
			path = ARSubcategoryCell;
			sourceTree = "<group>";
		};
		4365334920A2C60000E51EA1 /* ARSubcategoryView */ = {
			isa = PBXGroup;
			children = (
				4365334520A2C18E00E51EA1 /* ARSubcategoryView.swift */,
				4365334720A2C19600E51EA1 /* ARSubcategoryView.xib */,
			);
			path = ARSubcategoryView;
			sourceTree = "<group>";
		};
		4399D41C209F3AFA00423AF3 /* AR */ = {
			isa = PBXGroup;
			children = (
				4399D41A209F3AF500423AF3 /* BrowseARViewController.swift */,
				4365334C20A2C75800E51EA1 /* ARSubcategoryViewController.swift */,
				431D9A1020AAADEF007BED9E /* ARProductViewController.swift */,
				5A5CE49B20C818AA00097778 /* ProductDetailViewController.swift */,
				5A993F4E20CDA4CB006FCE17 /* ARCameraViewController.swift */,
			);
			path = AR;
			sourceTree = "<group>";
		};
		43E9CFF3209DE23200AC2E52 /* Models */ = {
			isa = PBXGroup;
			children = (
				5A993F7920D25E33006FCE17 /* AR */,
				5A993F7A20D25E5D006FCE17 /* Houz.swift */,
				5A5A598A2100FC9500A310E6 /* FeedItem.swift */,
			);
			path = Models;
			sourceTree = "<group>";
		};
		43E9CFF4209DE23200AC2E52 /* Extensions */ = {
			isa = PBXGroup;
			children = (
				5A0814902106312A00C73E1A /* UITableView.swift */,
				4399D41D209F3B3000423AF3 /* UIViewController.swift */,
				5A5CE49F20C969B500097778 /* UIImageView.swift */,
				435A59A7209F5DB600599BB2 /* UIColor.swift */,
				436EC423209FA5240032DE55 /* UIView.swift */,
				4365334220A2C06000E51EA1 /* SegueHandler.swift */,
				5A993F6820D0353D006FCE17 /* SearchBar.swift */,
				5A894CC120FFB2F100F0D3DC /* XLPagerTabStrip.swift */,
				5AC98866210DCD730069248E /* Date.swift */,
			);
			path = Extensions;
			sourceTree = "<group>";
		};
		43E9CFF5209DE23200AC2E52 /* Helpers */ = {
			isa = PBXGroup;
			children = (
				5AB8E71E210F889A00813209 /* Navigator */,
				435A59AB209F643D00599BB2 /* LocalTestDataRepository.swift */,
				5A5CE49D20C90CBA00097778 /* AppStoryboard.swift */,
				5A993F6620D02EF3006FCE17 /* LoadingView.swift */,
				5A993F6C20D03882006FCE17 /* HiddenNavigationViewController.swift */,
				5A08148E210630E000C73E1A /* StoryboardID.swift */,
				5AB8E719210F809A00813209 /* CustomTabBarController.swift */,
			);
			path = Helpers;
			sourceTree = "<group>";
		};
		43E9CFF6209DE23200AC2E52 /* ViewControllers */ = {
			isa = PBXGroup;
			children = (
				5A5A59812100F71200A310E6 /* Feed */,
				5A993F7620D25B71006FCE17 /* Random */,
				5AB8E71B210F819C00813209 /* Create */,
				4399D41C209F3AFA00423AF3 /* AR */,
				5AD941A520E26F10009A89EE /* Profile */,
				5A993F6320D01999006FCE17 /* Various */,
			);
			path = ViewControllers;
			sourceTree = "<group>";
		};
		43E9CFF7209DE23200AC2E52 /* AppDelegate */ = {
			isa = PBXGroup;
			children = (
				5A0E86BB20998B60008B31A5 /* AppDelegate.swift */,
			);
			path = AppDelegate;
			sourceTree = "<group>";
		};
		43E9CFF8209DE23200AC2E52 /* Lib */ = {
			isa = PBXGroup;
			children = (
				43E9CFF9209DE23200AC2E52 /* API */,
				43E9CFFA209DE23200AC2E52 /* SessionManager */,
			);
			path = Lib;
			sourceTree = "<group>";
		};
		43E9CFF9209DE23200AC2E52 /* API */ = {
			isa = PBXGroup;
			children = (
			);
			path = API;
			sourceTree = "<group>";
		};
		43E9CFFA209DE23200AC2E52 /* SessionManager */ = {
			isa = PBXGroup;
			children = (
			);
			path = SessionManager;
			sourceTree = "<group>";
		};
		43E9CFFB209DE23200AC2E52 /* Views */ = {
			isa = PBXGroup;
			children = (
				5A894CB720FF86B000F0D3DC /* Storyboards */,
				43E9CFFC209DE23200AC2E52 /* Cells */,
				5A0DEC14210A41AF00C76494 /* PlayerView */,
			);
			path = Views;
			sourceTree = "<group>";
		};
		43E9CFFC209DE23200AC2E52 /* Cells */ = {
			isa = PBXGroup;
			children = (
				5A5A59862100FA7100A310E6 /* FeedCells */,
				5A993F7C20D2D932006FCE17 /* RandomHouzView */,
				5A993F8520D4126B006FCE17 /* RandomHouzOverlayView */,
				431D9A1220AAAE06007BED9E /* ARProductCell */,
				4365334420A2C15400E51EA1 /* ARSubcategoryCell */,
				435A599D209F585500599BB2 /* ARCategoryCell */,
			);
			path = Cells;
			sourceTree = "<group>";
		};
		5A0DEC14210A41AF00C76494 /* PlayerView */ = {
			isa = PBXGroup;
			children = (
				5A0DEC12210A41A500C76494 /* PlayerView.xib */,
				5A0DEC15210A41D500C76494 /* PlayerView.swift */,
			);
			path = PlayerView;
			sourceTree = "<group>";
		};
		5A0E86AF20998B60008B31A5 = {
			isa = PBXGroup;
			children = (
				5A0E86BA20998B60008B31A5 /* Houz */,
				5A0E86B920998B60008B31A5 /* Products */,
				0708A5593ADDF069AB5238A9 /* Pods */,
				FA960DFE5BE4F4C316430978 /* Frameworks */,
			);
			sourceTree = "<group>";
		};
		5A0E86B920998B60008B31A5 /* Products */ = {
			isa = PBXGroup;
			children = (
				5A0E86B820998B60008B31A5 /* Houz.app */,
			);
			name = Products;
			sourceTree = "<group>";
		};
		5A0E86BA20998B60008B31A5 /* Houz */ = {
			isa = PBXGroup;
			children = (
				43E9CFF8209DE23200AC2E52 /* Lib */,
				43E9CFF7209DE23200AC2E52 /* AppDelegate */,
				43E9CFF3209DE23200AC2E52 /* Models */,
				43E9CFFB209DE23200AC2E52 /* Views */,
				43E9CFF6209DE23200AC2E52 /* ViewControllers */,
				43E9CFF4209DE23200AC2E52 /* Extensions */,
				43E9CFF5209DE23200AC2E52 /* Helpers */,
				5A993F6120CF783F006FCE17 /* ar.scnassets */,
				5A0E86C220998B61008B31A5 /* Assets.xcassets */,
				5A0E86C720998B61008B31A5 /* Info.plist */,
			);
			path = Houz;
			sourceTree = "<group>";
		};
		5A5A59812100F71200A310E6 /* Feed */ = {
			isa = PBXGroup;
			children = (
				5A5A59842100F76E00A310E6 /* FeedViewModel.swift */,
				5A5A59822100F75300A310E6 /* FeedViewController.swift */,
			);
			path = Feed;
			sourceTree = "<group>";
		};
		5A5A59862100FA7100A310E6 /* FeedCells */ = {
			isa = PBXGroup;
			children = (
				5A5A59872100FC2400A310E6 /* ImageFeedItemTableViewCell */,
				5A5A59892100FC7600A310E6 /* VideoFeedItem */,
				5A5A59882100FC5100A310E6 /* ProductFeedItemTableViewCell */,
			);
			path = FeedCells;
			sourceTree = "<group>";
		};
		5A5A59872100FC2400A310E6 /* ImageFeedItemTableViewCell */ = {
			isa = PBXGroup;
			children = (
				5A344CD92107D0D40088CE94 /* ImageFeedItemTableViewCell.swift */,
				5A344CDA2107D0D40088CE94 /* ImageFeedItemTableViewCell.xib */,
			);
			path = ImageFeedItemTableViewCell;
			sourceTree = "<group>";
		};
		5A5A59882100FC5100A310E6 /* ProductFeedItemTableViewCell */ = {
			isa = PBXGroup;
			children = (
				5A344CD121079F310088CE94 /* ProductTableViewCell.swift */,
				5A344CD221079F310088CE94 /* ProductTableViewCell.xib */,
			);
			path = ProductFeedItemTableViewCell;
			sourceTree = "<group>";
		};
		5A5A59892100FC7600A310E6 /* VideoFeedItem */ = {
			isa = PBXGroup;
			children = (
				5AF633022108FE2C00FF2D9C /* VideoFeedItemTableViewCell.swift */,
				5AF633032108FE2C00FF2D9C /* VideoFeedItemTableViewCell.xib */,
			);
			path = VideoFeedItem;
			sourceTree = "<group>";
		};
		5A894CB720FF86B000F0D3DC /* Storyboards */ = {
			isa = PBXGroup;
			children = (
				5A0E86C420998B61008B31A5 /* LaunchScreen.storyboard */,
				5A0E86BF20998B60008B31A5 /* Main.storyboard */,
				43E9CFFD209DE32300AC2E52 /* HOUZFeed.storyboard */,
				43E9CFFF209DE35D00AC2E52 /* Random.storyboard */,
				43E9D003209DE3AA00AC2E52 /* Create.storyboard */,
				43E9D005209DE3D200AC2E52 /* AR.storyboard */,
				43E9D001209DE37900AC2E52 /* Profile.storyboard */,
			);
			path = Storyboards;
			sourceTree = "<group>";
		};
		5A894CBC20FFA8A400F0D3DC /* ProfileSections */ = {
			isa = PBXGroup;
			children = (
				5A894CBA20FFA88B00F0D3DC /* GalleryViewController.swift */,
				5A894CBD20FFA90300F0D3DC /* LikedHistoryViewController.swift */,
				5A894CBF20FFA94F00F0D3DC /* ProfilePostsViewController.swift */,
			);
			path = ProfileSections;
			sourceTree = "<group>";
		};
		5A993F6320D01999006FCE17 /* Various */ = {
			isa = PBXGroup;
			children = (
				5A993F6420D019B9006FCE17 /* WebViewViewController.swift */,
			);
			path = Various;
			sourceTree = "<group>";
		};
		5A993F7620D25B71006FCE17 /* Random */ = {
			isa = PBXGroup;
			children = (
				5A993F7720D25B98006FCE17 /* RandomViewController.swift */,
			);
			path = Random;
			sourceTree = "<group>";
		};
		5A993F7920D25E33006FCE17 /* AR */ = {
			isa = PBXGroup;
			children = (
				435A5999209F522800599BB2 /* ARCategory.swift */,
				435A599B209F523A00599BB2 /* ARSubcategory.swift */,
				431D9A1A20AAAF96007BED9E /* ARProduct.swift */,
				5A993F5620CEFE88006FCE17 /* ARObject.swift */,
				5A993F5420CEFE30006FCE17 /* ThreeDimensionalObject.swift */,
			);
			path = AR;
			sourceTree = "<group>";
		};
		5A993F7C20D2D932006FCE17 /* RandomHouzView */ = {
			isa = PBXGroup;
			children = (
				5A993F8020D2DCF0006FCE17 /* RandomHouzView.xib */,
				5A993F8320D2DD0B006FCE17 /* RandomHouzView.swift */,
			);
			path = RandomHouzView;
			sourceTree = "<group>";
		};
		5A993F8520D4126B006FCE17 /* RandomHouzOverlayView */ = {
			isa = PBXGroup;
			children = (
				5A993F8620D412B4006FCE17 /* RandomHouzOverlayView.xib */,
				5A993F8820D412D4006FCE17 /* RandomHouzOverlayView.swift */,
			);
			path = RandomHouzOverlayView;
			sourceTree = "<group>";
		};
		5AB8E71B210F819C00813209 /* Create */ = {
			isa = PBXGroup;
			children = (
				5AB8E729210FA15B00813209 /* CameraViewController */,
				5AB8E721210F97AD00813209 /* CreateViewController.swift */,
			);
			path = Create;
			sourceTree = "<group>";
		};
		5AB8E71E210F889A00813209 /* Navigator */ = {
			isa = PBXGroup;
			children = (
				5AB8E71F210F88D200813209 /* AppScreen.swift */,
				5AB8E723210F9C2700813209 /* NavigatorType.swift */,
				5AB8E725210F9C6500813209 /* CreateNavigator.swift */,
			);
			path = Navigator;
			sourceTree = "<group>";
		};
		5AB8E729210FA15B00813209 /* CameraViewController */ = {
			isa = PBXGroup;
			children = (
				5AB8E727210FA15700813209 /* CameraViewModel.swift */,
				5AB8E71C210F81FB00813209 /* CameraViewController.swift */,
			);
			path = CameraViewController;
			sourceTree = "<group>";
		};
		5AD941A520E26F10009A89EE /* Profile */ = {
			isa = PBXGroup;
			children = (
				5AD941A620E26F2F009A89EE /* ProfileViewController.swift */,
				5A894CB820FF8ACB00F0D3DC /* ProfileViewModel.swift */,
				5A894CBC20FFA8A400F0D3DC /* ProfileSections */,
			);
			path = Profile;
			sourceTree = "<group>";
		};
		FA960DFE5BE4F4C316430978 /* Frameworks */ = {
			isa = PBXGroup;
			children = (
				F6CCEAE5A7DD88B46789CABE /* Pods_Houz.framework */,
			);
			name = Frameworks;
			sourceTree = "<group>";
		};
/* End PBXGroup section */

/* Begin PBXNativeTarget section */
		5A0E86B720998B60008B31A5 /* Houz */ = {
			isa = PBXNativeTarget;
			buildConfigurationList = 5A0E86CA20998B61008B31A5 /* Build configuration list for PBXNativeTarget "Houz" */;
			buildPhases = (
				2E3F3F5A4B3A8AB71B4A9373 /* [CP] Check Pods Manifest.lock */,
				5A0E86B420998B60008B31A5 /* Sources */,
				5A0E86B520998B60008B31A5 /* Frameworks */,
				5A0E86B620998B60008B31A5 /* Resources */,
				84F5B6300B9BC79B322C6A9B /* [CP] Embed Pods Frameworks */,
			);
			buildRules = (
			);
			dependencies = (
			);
			name = Houz;
			productName = Houz;
			productReference = 5A0E86B820998B60008B31A5 /* Houz.app */;
			productType = "com.apple.product-type.application";
		};
/* End PBXNativeTarget section */

/* Begin PBXProject section */
		5A0E86B020998B60008B31A5 /* Project object */ = {
			isa = PBXProject;
			attributes = {
				LastSwiftUpdateCheck = 0930;
				LastUpgradeCheck = 0930;
				ORGANIZATIONNAME = Bogdan;
				TargetAttributes = {
					5A0E86B720998B60008B31A5 = {
						CreatedOnToolsVersion = 9.3;
					};
				};
			};
			buildConfigurationList = 5A0E86B320998B60008B31A5 /* Build configuration list for PBXProject "Houz" */;
			compatibilityVersion = "Xcode 9.3";
			developmentRegion = en;
			hasScannedForEncodings = 0;
			knownRegions = (
				en,
				Base,
			);
			mainGroup = 5A0E86AF20998B60008B31A5;
			productRefGroup = 5A0E86B920998B60008B31A5 /* Products */;
			projectDirPath = "";
			projectRoot = "";
			targets = (
				5A0E86B720998B60008B31A5 /* Houz */,
			);
		};
/* End PBXProject section */

/* Begin PBXResourcesBuildPhase section */
		5A0E86B620998B60008B31A5 /* Resources */ = {
			isa = PBXResourcesBuildPhase;
			buildActionMask = 2147483647;
			files = (
				5A993F6220CF783F006FCE17 /* ar.scnassets in Resources */,
				5A993F8120D2DCF0006FCE17 /* RandomHouzView.xib in Resources */,
				431D9A1520AAAE3F007BED9E /* ARProductView.xib in Resources */,
				43E9D002209DE37900AC2E52 /* Profile.storyboard in Resources */,
				5A344CDC2107D0D40088CE94 /* ImageFeedItemTableViewCell.xib in Resources */,
				43E9CFFE209DE32300AC2E52 /* HOUZFeed.storyboard in Resources */,
				5A0E86C620998B61008B31A5 /* LaunchScreen.storyboard in Resources */,
				5A993F8720D412B4006FCE17 /* RandomHouzOverlayView.xib in Resources */,
				43E9D000209DE35D00AC2E52 /* Random.storyboard in Resources */,
				4365334820A2C19600E51EA1 /* ARSubcategoryView.xib in Resources */,
				5A0E86C320998B61008B31A5 /* Assets.xcassets in Resources */,
				5A0DEC13210A41A500C76494 /* PlayerView.xib in Resources */,
				5A0E86C120998B60008B31A5 /* Main.storyboard in Resources */,
				5AF633052108FE2C00FF2D9C /* VideoFeedItemTableViewCell.xib in Resources */,
				435A59A4209F58D600599BB2 /* ARCategoryView.xib in Resources */,
				43E9D004209DE3AA00AC2E52 /* Create.storyboard in Resources */,
				5A344CD421079F310088CE94 /* ProductTableViewCell.xib in Resources */,
				43E9D006209DE3D200AC2E52 /* AR.storyboard in Resources */,
			);
			runOnlyForDeploymentPostprocessing = 0;
		};
/* End PBXResourcesBuildPhase section */

/* Begin PBXShellScriptBuildPhase section */
		2E3F3F5A4B3A8AB71B4A9373 /* [CP] Check Pods Manifest.lock */ = {
			isa = PBXShellScriptBuildPhase;
			buildActionMask = 2147483647;
			files = (
			);
			inputPaths = (
				"${PODS_PODFILE_DIR_PATH}/Podfile.lock",
				"${PODS_ROOT}/Manifest.lock",
			);
			name = "[CP] Check Pods Manifest.lock";
			outputPaths = (
				"$(DERIVED_FILE_DIR)/Pods-Houz-checkManifestLockResult.txt",
			);
			runOnlyForDeploymentPostprocessing = 0;
			shellPath = /bin/sh;
			shellScript = "diff \"${PODS_PODFILE_DIR_PATH}/Podfile.lock\" \"${PODS_ROOT}/Manifest.lock\" > /dev/null\nif [ $? != 0 ] ; then\n    # print error to STDERR\n    echo \"error: The sandbox is not in sync with the Podfile.lock. Run 'pod install' or update your CocoaPods installation.\" >&2\n    exit 1\nfi\n# This output is used by Xcode 'outputs' to avoid re-running this script phase.\necho \"SUCCESS\" > \"${SCRIPT_OUTPUT_FILE_0}\"\n";
			showEnvVarsInLog = 0;
		};
		84F5B6300B9BC79B322C6A9B /* [CP] Embed Pods Frameworks */ = {
			isa = PBXShellScriptBuildPhase;
			buildActionMask = 2147483647;
			files = (
			);
			inputPaths = (
				"${SRCROOT}/Pods/Target Support Files/Pods-Houz/Pods-Houz-frameworks.sh",
				"${BUILT_PRODUCTS_DIR}/CHTCollectionViewWaterfallLayout/CHTCollectionViewWaterfallLayout.framework",
				"${BUILT_PRODUCTS_DIR}/Cache/Cache.framework",
				"${BUILT_PRODUCTS_DIR}/Gallery/Gallery.framework",
				"${BUILT_PRODUCTS_DIR}/Hero/Hero.framework",
				"${BUILT_PRODUCTS_DIR}/Hue/Hue.framework",
				"${BUILT_PRODUCTS_DIR}/Imaginary/Imaginary.framework",
				"${BUILT_PRODUCTS_DIR}/Kingfisher/Kingfisher.framework",
				"${BUILT_PRODUCTS_DIR}/Koloda/Koloda.framework",
				"${BUILT_PRODUCTS_DIR}/Lightbox/Lightbox.framework",
				"${BUILT_PRODUCTS_DIR}/MMPlayerView/MMPlayerView.framework",
				"${BUILT_PRODUCTS_DIR}/NVActivityIndicatorView/NVActivityIndicatorView.framework",
				"${BUILT_PRODUCTS_DIR}/Toast-Swift/Toast_Swift.framework",
				"${BUILT_PRODUCTS_DIR}/XLPagerTabStrip/XLPagerTabStrip.framework",
				"${BUILT_PRODUCTS_DIR}/pop/pop.framework",
			);
			name = "[CP] Embed Pods Frameworks";
			outputPaths = (
				"${TARGET_BUILD_DIR}/${FRAMEWORKS_FOLDER_PATH}/CHTCollectionViewWaterfallLayout.framework",
				"${TARGET_BUILD_DIR}/${FRAMEWORKS_FOLDER_PATH}/Cache.framework",
				"${TARGET_BUILD_DIR}/${FRAMEWORKS_FOLDER_PATH}/Gallery.framework",
				"${TARGET_BUILD_DIR}/${FRAMEWORKS_FOLDER_PATH}/Hero.framework",
				"${TARGET_BUILD_DIR}/${FRAMEWORKS_FOLDER_PATH}/Hue.framework",
				"${TARGET_BUILD_DIR}/${FRAMEWORKS_FOLDER_PATH}/Imaginary.framework",
				"${TARGET_BUILD_DIR}/${FRAMEWORKS_FOLDER_PATH}/Kingfisher.framework",
				"${TARGET_BUILD_DIR}/${FRAMEWORKS_FOLDER_PATH}/Koloda.framework",
				"${TARGET_BUILD_DIR}/${FRAMEWORKS_FOLDER_PATH}/Lightbox.framework",
				"${TARGET_BUILD_DIR}/${FRAMEWORKS_FOLDER_PATH}/MMPlayerView.framework",
				"${TARGET_BUILD_DIR}/${FRAMEWORKS_FOLDER_PATH}/NVActivityIndicatorView.framework",
				"${TARGET_BUILD_DIR}/${FRAMEWORKS_FOLDER_PATH}/Toast_Swift.framework",
				"${TARGET_BUILD_DIR}/${FRAMEWORKS_FOLDER_PATH}/XLPagerTabStrip.framework",
				"${TARGET_BUILD_DIR}/${FRAMEWORKS_FOLDER_PATH}/pop.framework",
			);
			runOnlyForDeploymentPostprocessing = 0;
			shellPath = /bin/sh;
			shellScript = "\"${SRCROOT}/Pods/Target Support Files/Pods-Houz/Pods-Houz-frameworks.sh\"\n";
			showEnvVarsInLog = 0;
		};
/* End PBXShellScriptBuildPhase section */

/* Begin PBXSourcesBuildPhase section */
		5A0E86B420998B60008B31A5 /* Sources */ = {
			isa = PBXSourcesBuildPhase;
			buildActionMask = 2147483647;
			files = (
				5A5CE49E20C90CBA00097778 /* AppStoryboard.swift in Sources */,
				4365334D20A2C75800E51EA1 /* ARSubcategoryViewController.swift in Sources */,
				5A993F6D20D03882006FCE17 /* HiddenNavigationViewController.swift in Sources */,
				5A894CC020FFA94F00F0D3DC /* ProfilePostsViewController.swift in Sources */,
				4365334B20A2C63400E51EA1 /* ARSubcategoryTableViewCell.swift in Sources */,
				5AB8E720210F88D200813209 /* AppScreen.swift in Sources */,
				431D9A1B20AAAF96007BED9E /* ARProduct.swift in Sources */,
				431D9A1120AAADEF007BED9E /* ARProductViewController.swift in Sources */,
				5A894CBE20FFA90300F0D3DC /* LikedHistoryViewController.swift in Sources */,
				5AD941A720E26F2F009A89EE /* ProfileViewController.swift in Sources */,
				5A344CD321079F310088CE94 /* ProductTableViewCell.swift in Sources */,
				5A993F7B20D25E5D006FCE17 /* Houz.swift in Sources */,
				5A0DEC16210A41D500C76494 /* PlayerView.swift in Sources */,
				436EC424209FA5240032DE55 /* UIView.swift in Sources */,
				5AF633042108FE2C00FF2D9C /* VideoFeedItemTableViewCell.swift in Sources */,
				435A599C209F523A00599BB2 /* ARSubcategory.swift in Sources */,
				435A59AA209F62D100599BB2 /* ARCategoryCollectionViewCell.swift in Sources */,
				5AB8E726210F9C6500813209 /* CreateNavigator.swift in Sources */,
				5AB8E728210FA15700813209 /* CameraViewModel.swift in Sources */,
				5A993F4F20CDA4CB006FCE17 /* ARCameraViewController.swift in Sources */,
				5A5A598B2100FC9500A310E6 /* FeedItem.swift in Sources */,
				435A59A8209F5DB600599BB2 /* UIColor.swift in Sources */,
				5AC98867210DCD730069248E /* Date.swift in Sources */,
				5A993F6520D02DB1006FCE17 /* WebViewViewController.swift in Sources */,
				5A993F6720D02EF3006FCE17 /* LoadingView.swift in Sources */,
				5AB8E71A210F809A00813209 /* CustomTabBarController.swift in Sources */,
				4365334620A2C18E00E51EA1 /* ARSubcategoryView.swift in Sources */,
				5A993F7820D25B98006FCE17 /* RandomViewController.swift in Sources */,
				5A993F8420D2DD0B006FCE17 /* RandomHouzView.swift in Sources */,
				431D9A1920AAAF5B007BED9E /* ARProductCollectionViewCell.swift in Sources */,
				5AB8E724210F9C2700813209 /* NavigatorType.swift in Sources */,
				5A993F6920D0353D006FCE17 /* SearchBar.swift in Sources */,
				5A894CC220FFB2F100F0D3DC /* XLPagerTabStrip.swift in Sources */,
				435A599A209F522800599BB2 /* ARCategory.swift in Sources */,
				5A0E86BC20998B60008B31A5 /* AppDelegate.swift in Sources */,
				5A894CBB20FFA88B00F0D3DC /* GalleryViewController.swift in Sources */,
				435A59A6209F58EA00599BB2 /* ARCategoryView.swift in Sources */,
				4365334320A2C06000E51EA1 /* SegueHandler.swift in Sources */,
				5A5A59832100F75300A310E6 /* FeedViewController.swift in Sources */,
				5A993F5520CEFE30006FCE17 /* ThreeDimensionalObject.swift in Sources */,
				5A5A59852100F76E00A310E6 /* FeedViewModel.swift in Sources */,
				4399D41B209F3AF500423AF3 /* BrowseARViewController.swift in Sources */,
				5A0814912106312A00C73E1A /* UITableView.swift in Sources */,
				5A08148F210630E000C73E1A /* StoryboardID.swift in Sources */,
				5A5CE4A020C969B500097778 /* UIImageView.swift in Sources */,
				5AB8E71D210F81FB00813209 /* CameraViewController.swift in Sources */,
				5A993F8920D412D4006FCE17 /* RandomHouzOverlayView.swift in Sources */,
				5A993F5720CEFE88006FCE17 /* ARObject.swift in Sources */,
				431D9A1720AAAE53007BED9E /* ARProductView.swift in Sources */,
				5A894CB920FF8ACB00F0D3DC /* ProfileViewModel.swift in Sources */,
				5A344CDB2107D0D40088CE94 /* ImageFeedItemTableViewCell.swift in Sources */,
				5AB8E722210F97AD00813209 /* CreateViewController.swift in Sources */,
				5A5CE49C20C818AA00097778 /* ProductDetailViewController.swift in Sources */,
				4399D41E209F3B3000423AF3 /* UIViewController.swift in Sources */,
				435A59AC209F643D00599BB2 /* LocalTestDataRepository.swift in Sources */,
			);
			runOnlyForDeploymentPostprocessing = 0;
		};
/* End PBXSourcesBuildPhase section */

/* Begin PBXVariantGroup section */
		5A0E86BF20998B60008B31A5 /* Main.storyboard */ = {
			isa = PBXVariantGroup;
			children = (
				5A0E86C020998B60008B31A5 /* Base */,
			);
			name = Main.storyboard;
			sourceTree = "<group>";
		};
		5A0E86C420998B61008B31A5 /* LaunchScreen.storyboard */ = {
			isa = PBXVariantGroup;
			children = (
				5A0E86C520998B61008B31A5 /* Base */,
			);
			name = LaunchScreen.storyboard;
			sourceTree = "<group>";
		};
/* End PBXVariantGroup section */

/* Begin XCBuildConfiguration section */
		5A0E86C820998B61008B31A5 /* Debug */ = {
			isa = XCBuildConfiguration;
			buildSettings = {
				ALWAYS_SEARCH_USER_PATHS = NO;
				CLANG_ANALYZER_NONNULL = YES;
				CLANG_ANALYZER_NUMBER_OBJECT_CONVERSION = YES_AGGRESSIVE;
				CLANG_CXX_LANGUAGE_STANDARD = "gnu++14";
				CLANG_CXX_LIBRARY = "libc++";
				CLANG_ENABLE_MODULES = YES;
				CLANG_ENABLE_OBJC_ARC = YES;
				CLANG_ENABLE_OBJC_WEAK = YES;
				CLANG_WARN_BLOCK_CAPTURE_AUTORELEASING = YES;
				CLANG_WARN_BOOL_CONVERSION = YES;
				CLANG_WARN_COMMA = YES;
				CLANG_WARN_CONSTANT_CONVERSION = YES;
				CLANG_WARN_DEPRECATED_OBJC_IMPLEMENTATIONS = YES;
				CLANG_WARN_DIRECT_OBJC_ISA_USAGE = YES_ERROR;
				CLANG_WARN_DOCUMENTATION_COMMENTS = YES;
				CLANG_WARN_EMPTY_BODY = YES;
				CLANG_WARN_ENUM_CONVERSION = YES;
				CLANG_WARN_INFINITE_RECURSION = YES;
				CLANG_WARN_INT_CONVERSION = YES;
				CLANG_WARN_NON_LITERAL_NULL_CONVERSION = YES;
				CLANG_WARN_OBJC_IMPLICIT_RETAIN_SELF = YES;
				CLANG_WARN_OBJC_LITERAL_CONVERSION = YES;
				CLANG_WARN_OBJC_ROOT_CLASS = YES_ERROR;
				CLANG_WARN_RANGE_LOOP_ANALYSIS = YES;
				CLANG_WARN_STRICT_PROTOTYPES = YES;
				CLANG_WARN_SUSPICIOUS_MOVE = YES;
				CLANG_WARN_UNGUARDED_AVAILABILITY = YES_AGGRESSIVE;
				CLANG_WARN_UNREACHABLE_CODE = YES;
				CLANG_WARN__DUPLICATE_METHOD_MATCH = YES;
				CODE_SIGN_IDENTITY = "iPhone Developer";
				COPY_PHASE_STRIP = NO;
				DEBUG_INFORMATION_FORMAT = dwarf;
				ENABLE_STRICT_OBJC_MSGSEND = YES;
				ENABLE_TESTABILITY = YES;
				GCC_C_LANGUAGE_STANDARD = gnu11;
				GCC_DYNAMIC_NO_PIC = NO;
				GCC_NO_COMMON_BLOCKS = YES;
				GCC_OPTIMIZATION_LEVEL = 0;
				GCC_PREPROCESSOR_DEFINITIONS = (
					"DEBUG=1",
					"$(inherited)",
				);
				GCC_WARN_64_TO_32_BIT_CONVERSION = YES;
				GCC_WARN_ABOUT_RETURN_TYPE = YES_ERROR;
				GCC_WARN_UNDECLARED_SELECTOR = YES;
				GCC_WARN_UNINITIALIZED_AUTOS = YES_AGGRESSIVE;
				GCC_WARN_UNUSED_FUNCTION = YES;
				GCC_WARN_UNUSED_VARIABLE = YES;
				IPHONEOS_DEPLOYMENT_TARGET = 11.3;
				MTL_ENABLE_DEBUG_INFO = YES;
				ONLY_ACTIVE_ARCH = YES;
				SDKROOT = iphoneos;
				SWIFT_ACTIVE_COMPILATION_CONDITIONS = DEBUG;
				SWIFT_OPTIMIZATION_LEVEL = "-Onone";
			};
			name = Debug;
		};
		5A0E86C920998B61008B31A5 /* Release */ = {
			isa = XCBuildConfiguration;
			buildSettings = {
				ALWAYS_SEARCH_USER_PATHS = NO;
				CLANG_ANALYZER_NONNULL = YES;
				CLANG_ANALYZER_NUMBER_OBJECT_CONVERSION = YES_AGGRESSIVE;
				CLANG_CXX_LANGUAGE_STANDARD = "gnu++14";
				CLANG_CXX_LIBRARY = "libc++";
				CLANG_ENABLE_MODULES = YES;
				CLANG_ENABLE_OBJC_ARC = YES;
				CLANG_ENABLE_OBJC_WEAK = YES;
				CLANG_WARN_BLOCK_CAPTURE_AUTORELEASING = YES;
				CLANG_WARN_BOOL_CONVERSION = YES;
				CLANG_WARN_COMMA = YES;
				CLANG_WARN_CONSTANT_CONVERSION = YES;
				CLANG_WARN_DEPRECATED_OBJC_IMPLEMENTATIONS = YES;
				CLANG_WARN_DIRECT_OBJC_ISA_USAGE = YES_ERROR;
				CLANG_WARN_DOCUMENTATION_COMMENTS = YES;
				CLANG_WARN_EMPTY_BODY = YES;
				CLANG_WARN_ENUM_CONVERSION = YES;
				CLANG_WARN_INFINITE_RECURSION = YES;
				CLANG_WARN_INT_CONVERSION = YES;
				CLANG_WARN_NON_LITERAL_NULL_CONVERSION = YES;
				CLANG_WARN_OBJC_IMPLICIT_RETAIN_SELF = YES;
				CLANG_WARN_OBJC_LITERAL_CONVERSION = YES;
				CLANG_WARN_OBJC_ROOT_CLASS = YES_ERROR;
				CLANG_WARN_RANGE_LOOP_ANALYSIS = YES;
				CLANG_WARN_STRICT_PROTOTYPES = YES;
				CLANG_WARN_SUSPICIOUS_MOVE = YES;
				CLANG_WARN_UNGUARDED_AVAILABILITY = YES_AGGRESSIVE;
				CLANG_WARN_UNREACHABLE_CODE = YES;
				CLANG_WARN__DUPLICATE_METHOD_MATCH = YES;
				CODE_SIGN_IDENTITY = "iPhone Developer";
				COPY_PHASE_STRIP = NO;
				DEBUG_INFORMATION_FORMAT = "dwarf-with-dsym";
				ENABLE_NS_ASSERTIONS = NO;
				ENABLE_STRICT_OBJC_MSGSEND = YES;
				GCC_C_LANGUAGE_STANDARD = gnu11;
				GCC_NO_COMMON_BLOCKS = YES;
				GCC_WARN_64_TO_32_BIT_CONVERSION = YES;
				GCC_WARN_ABOUT_RETURN_TYPE = YES_ERROR;
				GCC_WARN_UNDECLARED_SELECTOR = YES;
				GCC_WARN_UNINITIALIZED_AUTOS = YES_AGGRESSIVE;
				GCC_WARN_UNUSED_FUNCTION = YES;
				GCC_WARN_UNUSED_VARIABLE = YES;
				IPHONEOS_DEPLOYMENT_TARGET = 11.3;
				MTL_ENABLE_DEBUG_INFO = NO;
				SDKROOT = iphoneos;
				SWIFT_COMPILATION_MODE = wholemodule;
				SWIFT_OPTIMIZATION_LEVEL = "-O";
				VALIDATE_PRODUCT = YES;
			};
			name = Release;
		};
		5A0E86CB20998B61008B31A5 /* Debug */ = {
			isa = XCBuildConfiguration;
			baseConfigurationReference = 9112DB3461D8B07E662D90A9 /* Pods-Houz.debug.xcconfig */;
			buildSettings = {
				ASSETCATALOG_COMPILER_APPICON_NAME = AppIcon;
				CODE_SIGN_STYLE = Automatic;
				DEVELOPMENT_TEAM = BEVZKKG84K;
				INFOPLIST_FILE = Houz/Info.plist;
				LD_RUNPATH_SEARCH_PATHS = (
					"$(inherited)",
					"@executable_path/Frameworks",
				);
				PRODUCT_BUNDLE_IDENTIFIER = "Bogdan.Houz-develop";
				PRODUCT_NAME = "$(TARGET_NAME)";
				SWIFT_VERSION = 4.0;
				TARGETED_DEVICE_FAMILY = "1,2";
			};
			name = Debug;
		};
		5A0E86CC20998B61008B31A5 /* Release */ = {
			isa = XCBuildConfiguration;
			baseConfigurationReference = 2B319A96F546126681C59C05 /* Pods-Houz.release.xcconfig */;
			buildSettings = {
				ASSETCATALOG_COMPILER_APPICON_NAME = AppIcon;
				CODE_SIGN_STYLE = Automatic;
				DEVELOPMENT_TEAM = BEVZKKG84K;
				INFOPLIST_FILE = Houz/Info.plist;
				LD_RUNPATH_SEARCH_PATHS = (
					"$(inherited)",
					"@executable_path/Frameworks",
				);
				PRODUCT_BUNDLE_IDENTIFIER = "Bogdan.Houz-develop";
				PRODUCT_NAME = "$(TARGET_NAME)";
				SWIFT_VERSION = 4.0;
				TARGETED_DEVICE_FAMILY = "1,2";
			};
			name = Release;
		};
/* End XCBuildConfiguration section */

/* Begin XCConfigurationList section */
		5A0E86B320998B60008B31A5 /* Build configuration list for PBXProject "Houz" */ = {
			isa = XCConfigurationList;
			buildConfigurations = (
				5A0E86C820998B61008B31A5 /* Debug */,
				5A0E86C920998B61008B31A5 /* Release */,
			);
			defaultConfigurationIsVisible = 0;
			defaultConfigurationName = Release;
		};
		5A0E86CA20998B61008B31A5 /* Build configuration list for PBXNativeTarget "Houz" */ = {
			isa = XCConfigurationList;
			buildConfigurations = (
				5A0E86CB20998B61008B31A5 /* Debug */,
				5A0E86CC20998B61008B31A5 /* Release */,
			);
			defaultConfigurationIsVisible = 0;
			defaultConfigurationName = Release;
		};
/* End XCConfigurationList section */
	};
	rootObject = 5A0E86B020998B60008B31A5 /* Project object */;
}
